%{
  "atomic_map": {:hex, :atomic_map, "0.9.3", "3c7f1302e0590164732d08ca999708efbb2cd768abf2911cf140280ce2dc499d", [:mix], [], "hexpm"},
  "jason": {:hex, :jason, "1.1.2", "b03dedea67a99223a2eaf9f1264ce37154564de899fd3d8b9a21b1a6fd64afe7", [:mix], [{:decimal, "~> 1.0", [hex: :decimal, repo: "hexpm", optional: true]}], "hexpm"},
}
