%{
  "atomic_map": {:hex, :atomic_map, "0.9.3", "3c7f1302e0590164732d08ca999708efbb2cd768abf2911cf140280ce2dc499d", [:mix], [], "hexpm"},
  "exconstructor": {:hex, :exconstructor, "1.2.3", "1f40baf7669aef0ac66325eb02cb119e708d24b490ace05a27bc1b42e30113b2", [:mix], [], "hexpm", "c7f549596308e6ba66aa66a108ddd1048d5654c4f0aa49d55d15df3989554f34"},
  "jason": {:hex, :jason, "1.1.2", "b03dedea67a99223a2eaf9f1264ce37154564de899fd3d8b9a21b1a6fd64afe7", [:mix], [{:decimal, "~> 1.0", [hex: :decimal, repo: "hexpm", optional: true]}], "hexpm", "fdf843bca858203ae1de16da2ee206f53416bbda5dc8c9e78f43243de4bc3afe"},
}
